// !$*UTF8*$!
{
	archiveVersion = 1;
	classes = {
	};
	objectVersion = 48;
	objects = {

/* Begin PBXBuildFile section */
		11337FA7D31A95785084F2D4 /* Pods_Singapore_PSI.framework in Frameworks */ = {isa = PBXBuildFile; fileRef = 43B4B1B814B6A3D7ED8BCB8B /* Pods_Singapore_PSI.framework */; };
		2FC5D887C64858B75612FE84 /* Pods_SingaporePSITests.framework in Frameworks */ = {isa = PBXBuildFile; fileRef = 56EA3B27D1F1A505E3BDBADC /* Pods_SingaporePSITests.framework */; };
		7740AE0B2018C8EA00211722 /* MapViewController.swift in Sources */ = {isa = PBXBuildFile; fileRef = 7740AE0A2018C8EA00211722 /* MapViewController.swift */; };
		7745E7362015EE5D00F407DA /* AppDelegate.swift in Sources */ = {isa = PBXBuildFile; fileRef = 7745E7352015EE5D00F407DA /* AppDelegate.swift */; };
		7745E73B2015EE5D00F407DA /* Main.storyboard in Resources */ = {isa = PBXBuildFile; fileRef = 7745E7392015EE5D00F407DA /* Main.storyboard */; };
		7745E73D2015EE5D00F407DA /* Assets.xcassets in Resources */ = {isa = PBXBuildFile; fileRef = 7745E73C2015EE5D00F407DA /* Assets.xcassets */; };
		7745E7402015EE5D00F407DA /* LaunchScreen.storyboard in Resources */ = {isa = PBXBuildFile; fileRef = 7745E73E2015EE5D00F407DA /* LaunchScreen.storyboard */; };
		7754583A201B770900CB65F2 /* MapViewControllerTests.swift in Sources */ = {isa = PBXBuildFile; fileRef = 77545839201B770900CB65F2 /* MapViewControllerTests.swift */; };
		7754583C201B839700CB65F2 /* TestUtil.swift in Sources */ = {isa = PBXBuildFile; fileRef = 7754583B201B839700CB65F2 /* TestUtil.swift */; };
		7788D21B2015F2FD00F795AA /* UIView.swift in Sources */ = {isa = PBXBuildFile; fileRef = 7788D2122015F2FD00F795AA /* UIView.swift */; };
		7788D21C2015F2FD00F795AA /* Data.swift in Sources */ = {isa = PBXBuildFile; fileRef = 7788D2132015F2FD00F795AA /* Data.swift */; };
		7788D21D2015F2FD00F795AA /* UIColor.swift in Sources */ = {isa = PBXBuildFile; fileRef = 7788D2142015F2FD00F795AA /* UIColor.swift */; };
		7788D21E2015F2FD00F795AA /* FundamentalTypes.swift in Sources */ = {isa = PBXBuildFile; fileRef = 7788D2152015F2FD00F795AA /* FundamentalTypes.swift */; };
		7788D21F2015F2FD00F795AA /* String.swift in Sources */ = {isa = PBXBuildFile; fileRef = 7788D2162015F2FD00F795AA /* String.swift */; };
		7788D2202015F2FD00F795AA /* UIImage.swift in Sources */ = {isa = PBXBuildFile; fileRef = 7788D2172015F2FD00F795AA /* UIImage.swift */; };
		7788D2212015F2FD00F795AA /* UIViewController.swift in Sources */ = {isa = PBXBuildFile; fileRef = 7788D2182015F2FD00F795AA /* UIViewController.swift */; };
		7788D2222015F2FD00F795AA /* UIWindow.swift in Sources */ = {isa = PBXBuildFile; fileRef = 7788D2192015F2FD00F795AA /* UIWindow.swift */; };
		7788D2232015F2FD00F795AA /* Bundle.swift in Sources */ = {isa = PBXBuildFile; fileRef = 7788D21A2015F2FD00F795AA /* Bundle.swift */; };
		7788D2262018836000F795AA /* ApiUtils.swift in Sources */ = {isa = PBXBuildFile; fileRef = 7788D2252018836000F795AA /* ApiUtils.swift */; };
		7788D2282018854200F795AA /* PSIService.swift in Sources */ = {isa = PBXBuildFile; fileRef = 7788D2272018854200F795AA /* PSIService.swift */; };
		7788D22A201887BC00F795AA /* Region.swift in Sources */ = {isa = PBXBuildFile; fileRef = 7788D229201887BC00F795AA /* Region.swift */; };
		7788D22C2018885F00F795AA /* Location.swift in Sources */ = {isa = PBXBuildFile; fileRef = 7788D22B2018885F00F795AA /* Location.swift */; };
		7788D22E2018893200F795AA /* PSIResponse.swift in Sources */ = {isa = PBXBuildFile; fileRef = 7788D22D2018893200F795AA /* PSIResponse.swift */; };
		77D9FF20201B3A64009BFA53 /* PSIServiceSpec.swift in Sources */ = {isa = PBXBuildFile; fileRef = 77D9FF1F201B3A64009BFA53 /* PSIServiceSpec.swift */; };
		77F0D5852015F1C100F3B40C /* PSIServiceTests.swift in Sources */ = {isa = PBXBuildFile; fileRef = 77F0D5842015F1C100F3B40C /* PSIServiceTests.swift */; };
/* End PBXBuildFile section */

/* Begin PBXContainerItemProxy section */
		77F0D5872015F1C100F3B40C /* PBXContainerItemProxy */ = {
			isa = PBXContainerItemProxy;
			containerPortal = 7745E72A2015EE5D00F407DA /* Project object */;
			proxyType = 1;
			remoteGlobalIDString = 7745E7312015EE5D00F407DA;
			remoteInfo = "Singapore PSI";
		};
/* End PBXContainerItemProxy section */

/* Begin PBXFileReference section */
		1A27C6B2F4AEBA4DB806FFA6 /* Pods-SingaporePSITests.release.xcconfig */ = {isa = PBXFileReference; includeInIndex = 1; lastKnownFileType = text.xcconfig; name = "Pods-SingaporePSITests.release.xcconfig"; path = "Pods/Target Support Files/Pods-SingaporePSITests/Pods-SingaporePSITests.release.xcconfig"; sourceTree = "<group>"; };
		43B4B1B814B6A3D7ED8BCB8B /* Pods_Singapore_PSI.framework */ = {isa = PBXFileReference; explicitFileType = wrapper.framework; includeInIndex = 0; path = Pods_Singapore_PSI.framework; sourceTree = BUILT_PRODUCTS_DIR; };
		4C25629FADD90FA810A3AE5E /* Pods-SingaporePSITests.debug.xcconfig */ = {isa = PBXFileReference; includeInIndex = 1; lastKnownFileType = text.xcconfig; name = "Pods-SingaporePSITests.debug.xcconfig"; path = "Pods/Target Support Files/Pods-SingaporePSITests/Pods-SingaporePSITests.debug.xcconfig"; sourceTree = "<group>"; };
		56EA3B27D1F1A505E3BDBADC /* Pods_SingaporePSITests.framework */ = {isa = PBXFileReference; explicitFileType = wrapper.framework; includeInIndex = 0; path = Pods_SingaporePSITests.framework; sourceTree = BUILT_PRODUCTS_DIR; };
		7740AE0A2018C8EA00211722 /* MapViewController.swift */ = {isa = PBXFileReference; lastKnownFileType = sourcecode.swift; path = MapViewController.swift; sourceTree = "<group>"; };
		7745E7322015EE5D00F407DA /* Singapore PSI.app */ = {isa = PBXFileReference; explicitFileType = wrapper.application; includeInIndex = 0; path = "Singapore PSI.app"; sourceTree = BUILT_PRODUCTS_DIR; };
		7745E7352015EE5D00F407DA /* AppDelegate.swift */ = {isa = PBXFileReference; lastKnownFileType = sourcecode.swift; path = AppDelegate.swift; sourceTree = "<group>"; };
		7745E73A2015EE5D00F407DA /* Base */ = {isa = PBXFileReference; lastKnownFileType = file.storyboard; name = Base; path = Base.lproj/Main.storyboard; sourceTree = "<group>"; };
		7745E73C2015EE5D00F407DA /* Assets.xcassets */ = {isa = PBXFileReference; lastKnownFileType = folder.assetcatalog; path = Assets.xcassets; sourceTree = "<group>"; };
		7745E73F2015EE5D00F407DA /* Base */ = {isa = PBXFileReference; lastKnownFileType = file.storyboard; name = Base; path = Base.lproj/LaunchScreen.storyboard; sourceTree = "<group>"; };
		7745E7412015EE5D00F407DA /* Info.plist */ = {isa = PBXFileReference; lastKnownFileType = text.plist.xml; path = Info.plist; sourceTree = "<group>"; };
		77545839201B770900CB65F2 /* MapViewControllerTests.swift */ = {isa = PBXFileReference; lastKnownFileType = sourcecode.swift; path = MapViewControllerTests.swift; sourceTree = "<group>"; };
		7754583B201B839700CB65F2 /* TestUtil.swift */ = {isa = PBXFileReference; lastKnownFileType = sourcecode.swift; path = TestUtil.swift; sourceTree = "<group>"; };
		7788D2122015F2FD00F795AA /* UIView.swift */ = {isa = PBXFileReference; fileEncoding = 4; lastKnownFileType = sourcecode.swift; path = UIView.swift; sourceTree = "<group>"; };
		7788D2132015F2FD00F795AA /* Data.swift */ = {isa = PBXFileReference; fileEncoding = 4; lastKnownFileType = sourcecode.swift; path = Data.swift; sourceTree = "<group>"; };
		7788D2142015F2FD00F795AA /* UIColor.swift */ = {isa = PBXFileReference; fileEncoding = 4; lastKnownFileType = sourcecode.swift; path = UIColor.swift; sourceTree = "<group>"; };
		7788D2152015F2FD00F795AA /* FundamentalTypes.swift */ = {isa = PBXFileReference; fileEncoding = 4; lastKnownFileType = sourcecode.swift; path = FundamentalTypes.swift; sourceTree = "<group>"; };
		7788D2162015F2FD00F795AA /* String.swift */ = {isa = PBXFileReference; fileEncoding = 4; lastKnownFileType = sourcecode.swift; path = String.swift; sourceTree = "<group>"; };
		7788D2172015F2FD00F795AA /* UIImage.swift */ = {isa = PBXFileReference; fileEncoding = 4; lastKnownFileType = sourcecode.swift; path = UIImage.swift; sourceTree = "<group>"; };
		7788D2182015F2FD00F795AA /* UIViewController.swift */ = {isa = PBXFileReference; fileEncoding = 4; lastKnownFileType = sourcecode.swift; path = UIViewController.swift; sourceTree = "<group>"; };
		7788D2192015F2FD00F795AA /* UIWindow.swift */ = {isa = PBXFileReference; fileEncoding = 4; lastKnownFileType = sourcecode.swift; path = UIWindow.swift; sourceTree = "<group>"; };
		7788D21A2015F2FD00F795AA /* Bundle.swift */ = {isa = PBXFileReference; fileEncoding = 4; lastKnownFileType = sourcecode.swift; path = Bundle.swift; sourceTree = "<group>"; };
		7788D2252018836000F795AA /* ApiUtils.swift */ = {isa = PBXFileReference; fileEncoding = 4; lastKnownFileType = sourcecode.swift; path = ApiUtils.swift; sourceTree = "<group>"; };
		7788D2272018854200F795AA /* PSIService.swift */ = {isa = PBXFileReference; lastKnownFileType = sourcecode.swift; path = PSIService.swift; sourceTree = "<group>"; };
		7788D229201887BC00F795AA /* Region.swift */ = {isa = PBXFileReference; lastKnownFileType = sourcecode.swift; path = Region.swift; sourceTree = "<group>"; };
		7788D22B2018885F00F795AA /* Location.swift */ = {isa = PBXFileReference; lastKnownFileType = sourcecode.swift; path = Location.swift; sourceTree = "<group>"; };
		7788D22D2018893200F795AA /* PSIResponse.swift */ = {isa = PBXFileReference; lastKnownFileType = sourcecode.swift; path = PSIResponse.swift; sourceTree = "<group>"; };
		77D9FF1F201B3A64009BFA53 /* PSIServiceSpec.swift */ = {isa = PBXFileReference; lastKnownFileType = sourcecode.swift; path = PSIServiceSpec.swift; sourceTree = "<group>"; };
		77F0D5822015F1C100F3B40C /* SingaporePSITests.xctest */ = {isa = PBXFileReference; explicitFileType = wrapper.cfbundle; includeInIndex = 0; path = SingaporePSITests.xctest; sourceTree = BUILT_PRODUCTS_DIR; };
		77F0D5842015F1C100F3B40C /* PSIServiceTests.swift */ = {isa = PBXFileReference; lastKnownFileType = sourcecode.swift; path = PSIServiceTests.swift; sourceTree = "<group>"; };
		77F0D5862015F1C100F3B40C /* Info.plist */ = {isa = PBXFileReference; lastKnownFileType = text.plist.xml; path = Info.plist; sourceTree = "<group>"; };
		B6C77062ED05C7360C4F3EC4 /* Pods-Singapore PSI.debug.xcconfig */ = {isa = PBXFileReference; includeInIndex = 1; lastKnownFileType = text.xcconfig; name = "Pods-Singapore PSI.debug.xcconfig"; path = "Pods/Target Support Files/Pods-Singapore PSI/Pods-Singapore PSI.debug.xcconfig"; sourceTree = "<group>"; };
		CFC84AA029BEC424E642602D /* Pods-Singapore PSI.release.xcconfig */ = {isa = PBXFileReference; includeInIndex = 1; lastKnownFileType = text.xcconfig; name = "Pods-Singapore PSI.release.xcconfig"; path = "Pods/Target Support Files/Pods-Singapore PSI/Pods-Singapore PSI.release.xcconfig"; sourceTree = "<group>"; };
/* End PBXFileReference section */

/* Begin PBXFrameworksBuildPhase section */
		7745E72F2015EE5D00F407DA /* Frameworks */ = {
			isa = PBXFrameworksBuildPhase;
			buildActionMask = 2147483647;
			files = (
				11337FA7D31A95785084F2D4 /* Pods_Singapore_PSI.framework in Frameworks */,
			);
			runOnlyForDeploymentPostprocessing = 0;
		};
		77F0D57F2015F1C100F3B40C /* Frameworks */ = {
			isa = PBXFrameworksBuildPhase;
			buildActionMask = 2147483647;
			files = (
				2FC5D887C64858B75612FE84 /* Pods_SingaporePSITests.framework in Frameworks */,
			);
			runOnlyForDeploymentPostprocessing = 0;
		};
/* End PBXFrameworksBuildPhase section */

/* Begin PBXGroup section */
		7745E7292015EE5D00F407DA = {
			isa = PBXGroup;
			children = (
				7745E7342015EE5D00F407DA /* Singapore PSI */,
				77F0D5832015F1C100F3B40C /* SingaporePSITests */,
				7745E7332015EE5D00F407DA /* Products */,
				E12056471B5C35E2888ECC66 /* Pods */,
				DF3D930B4B5E04EEDBA4814D /* Frameworks */,
			);
			sourceTree = "<group>";
		};
		7745E7332015EE5D00F407DA /* Products */ = {
			isa = PBXGroup;
			children = (
				7745E7322015EE5D00F407DA /* Singapore PSI.app */,
				77F0D5822015F1C100F3B40C /* SingaporePSITests.xctest */,
			);
			name = Products;
			sourceTree = "<group>";
		};
		7745E7342015EE5D00F407DA /* Singapore PSI */ = {
			isa = PBXGroup;
			children = (
				7788D2112015F2FD00F795AA /* Extension */,
				7788D2242018836000F795AA /* API */,
				7745E7352015EE5D00F407DA /* AppDelegate.swift */,
				7740AE0A2018C8EA00211722 /* MapViewController.swift */,
				7745E7392015EE5D00F407DA /* Main.storyboard */,
				7745E73C2015EE5D00F407DA /* Assets.xcassets */,
				7745E73E2015EE5D00F407DA /* LaunchScreen.storyboard */,
				7745E7412015EE5D00F407DA /* Info.plist */,
			);
			path = "Singapore PSI";
			sourceTree = "<group>";
		};
		7788D2112015F2FD00F795AA /* Extension */ = {
			isa = PBXGroup;
			children = (
				7788D2122015F2FD00F795AA /* UIView.swift */,
				7788D2132015F2FD00F795AA /* Data.swift */,
				7788D2142015F2FD00F795AA /* UIColor.swift */,
				7788D2152015F2FD00F795AA /* FundamentalTypes.swift */,
				7788D2162015F2FD00F795AA /* String.swift */,
				7788D2172015F2FD00F795AA /* UIImage.swift */,
				7788D2182015F2FD00F795AA /* UIViewController.swift */,
				7788D2192015F2FD00F795AA /* UIWindow.swift */,
				7788D21A2015F2FD00F795AA /* Bundle.swift */,
			);
			path = Extension;
			sourceTree = "<group>";
		};
		7788D2242018836000F795AA /* API */ = {
			isa = PBXGroup;
			children = (
				7788D2252018836000F795AA /* ApiUtils.swift */,
				7788D2272018854200F795AA /* PSIService.swift */,
				7788D229201887BC00F795AA /* Region.swift */,
				7788D22B2018885F00F795AA /* Location.swift */,
				7788D22D2018893200F795AA /* PSIResponse.swift */,
			);
			path = API;
			sourceTree = "<group>";
		};
		77F0D5832015F1C100F3B40C /* SingaporePSITests */ = {
			isa = PBXGroup;
			children = (
				77F0D5842015F1C100F3B40C /* PSIServiceTests.swift */,
				77545839201B770900CB65F2 /* MapViewControllerTests.swift */,
				7754583B201B839700CB65F2 /* TestUtil.swift */,
				77F0D5862015F1C100F3B40C /* Info.plist */,
				77D9FF1F201B3A64009BFA53 /* PSIServiceSpec.swift */,
			);
			path = SingaporePSITests;
			sourceTree = "<group>";
		};
		DF3D930B4B5E04EEDBA4814D /* Frameworks */ = {
			isa = PBXGroup;
			children = (
				43B4B1B814B6A3D7ED8BCB8B /* Pods_Singapore_PSI.framework */,
				56EA3B27D1F1A505E3BDBADC /* Pods_SingaporePSITests.framework */,
			);
			name = Frameworks;
			sourceTree = "<group>";
		};
		E12056471B5C35E2888ECC66 /* Pods */ = {
			isa = PBXGroup;
			children = (
				B6C77062ED05C7360C4F3EC4 /* Pods-Singapore PSI.debug.xcconfig */,
				CFC84AA029BEC424E642602D /* Pods-Singapore PSI.release.xcconfig */,
				4C25629FADD90FA810A3AE5E /* Pods-SingaporePSITests.debug.xcconfig */,
				1A27C6B2F4AEBA4DB806FFA6 /* Pods-SingaporePSITests.release.xcconfig */,
			);
			name = Pods;
			sourceTree = "<group>";
		};
/* End PBXGroup section */

/* Begin PBXNativeTarget section */
		7745E7312015EE5D00F407DA /* Singapore PSI */ = {
			isa = PBXNativeTarget;
			buildConfigurationList = 7745E7442015EE5D00F407DA /* Build configuration list for PBXNativeTarget "Singapore PSI" */;
			buildPhases = (
				7BCF13303AF3028BCCC0177E /* [CP] Check Pods Manifest.lock */,
				7745E72E2015EE5D00F407DA /* Sources */,
				7745E72F2015EE5D00F407DA /* Frameworks */,
				7745E7302015EE5D00F407DA /* Resources */,
				6E29F6CC05321937330FA4D3 /* [CP] Embed Pods Frameworks */,
				0900CA3B7BB4A72F35F468F2 /* [CP] Copy Pods Resources */,
			);
			buildRules = (
			);
			dependencies = (
			);
			name = "Singapore PSI";
			productName = "Singapore PSI";
			productReference = 7745E7322015EE5D00F407DA /* Singapore PSI.app */;
			productType = "com.apple.product-type.application";
		};
		77F0D5812015F1C100F3B40C /* SingaporePSITests */ = {
			isa = PBXNativeTarget;
			buildConfigurationList = 77F0D58B2015F1C100F3B40C /* Build configuration list for PBXNativeTarget "SingaporePSITests" */;
			buildPhases = (
				298362D45008D78FF31997CC /* [CP] Check Pods Manifest.lock */,
				77F0D57E2015F1C100F3B40C /* Sources */,
				77F0D57F2015F1C100F3B40C /* Frameworks */,
				77F0D5802015F1C100F3B40C /* Resources */,
				76738589693B204FFABE4974 /* [CP] Embed Pods Frameworks */,
				7BDCF32F15CBE95AAA42DF83 /* [CP] Copy Pods Resources */,
			);
			buildRules = (
			);
			dependencies = (
				77F0D5882015F1C100F3B40C /* PBXTargetDependency */,
			);
			name = SingaporePSITests;
			productName = SingaporePSITests;
			productReference = 77F0D5822015F1C100F3B40C /* SingaporePSITests.xctest */;
			productType = "com.apple.product-type.bundle.unit-test";
		};
/* End PBXNativeTarget section */

/* Begin PBXProject section */
		7745E72A2015EE5D00F407DA /* Project object */ = {
			isa = PBXProject;
			attributes = {
				LastSwiftUpdateCheck = 0920;
				LastUpgradeCheck = 0920;
				ORGANIZATIONNAME = tianli;
				TargetAttributes = {
					7745E7312015EE5D00F407DA = {
						CreatedOnToolsVersion = 9.2;
						ProvisioningStyle = Automatic;
					};
					77F0D5812015F1C100F3B40C = {
						CreatedOnToolsVersion = 9.2;
						ProvisioningStyle = Automatic;
						TestTargetID = 7745E7312015EE5D00F407DA;
					};
				};
			};
			buildConfigurationList = 7745E72D2015EE5D00F407DA /* Build configuration list for PBXProject "Singapore PSI" */;
			compatibilityVersion = "Xcode 8.0";
			developmentRegion = en;
			hasScannedForEncodings = 0;
			knownRegions = (
				en,
				Base,
			);
			mainGroup = 7745E7292015EE5D00F407DA;
			productRefGroup = 7745E7332015EE5D00F407DA /* Products */;
			projectDirPath = "";
			projectRoot = "";
			targets = (
				7745E7312015EE5D00F407DA /* Singapore PSI */,
				77F0D5812015F1C100F3B40C /* SingaporePSITests */,
			);
		};
/* End PBXProject section */

/* Begin PBXResourcesBuildPhase section */
		7745E7302015EE5D00F407DA /* Resources */ = {
			isa = PBXResourcesBuildPhase;
			buildActionMask = 2147483647;
			files = (
				7745E7402015EE5D00F407DA /* LaunchScreen.storyboard in Resources */,
				7745E73D2015EE5D00F407DA /* Assets.xcassets in Resources */,
				7745E73B2015EE5D00F407DA /* Main.storyboard in Resources */,
			);
			runOnlyForDeploymentPostprocessing = 0;
		};
		77F0D5802015F1C100F3B40C /* Resources */ = {
			isa = PBXResourcesBuildPhase;
			buildActionMask = 2147483647;
			files = (
			);
			runOnlyForDeploymentPostprocessing = 0;
		};
/* End PBXResourcesBuildPhase section */

/* Begin PBXShellScriptBuildPhase section */
		0900CA3B7BB4A72F35F468F2 /* [CP] Copy Pods Resources */ = {
			isa = PBXShellScriptBuildPhase;
			buildActionMask = 2147483647;
			files = (
			);
			inputPaths = (
				"${SRCROOT}/Pods/Target Support Files/Pods-Singapore PSI/Pods-Singapore PSI-resources.sh",
				"${PODS_ROOT}/GoogleMaps/Maps/Frameworks/GoogleMaps.framework/Resources/GoogleMaps.bundle",
			);
			name = "[CP] Copy Pods Resources";
			outputPaths = (
				"${TARGET_BUILD_DIR}/${UNLOCALIZED_RESOURCES_FOLDER_PATH}/GoogleMaps.bundle",
			);
			runOnlyForDeploymentPostprocessing = 0;
			shellPath = /bin/sh;
			shellScript = "\"${SRCROOT}/Pods/Target Support Files/Pods-Singapore PSI/Pods-Singapore PSI-resources.sh\"\n";
			showEnvVarsInLog = 0;
		};
		298362D45008D78FF31997CC /* [CP] Check Pods Manifest.lock */ = {
			isa = PBXShellScriptBuildPhase;
			buildActionMask = 2147483647;
			files = (
			);
			inputPaths = (
				"${PODS_PODFILE_DIR_PATH}/Podfile.lock",
				"${PODS_ROOT}/Manifest.lock",
			);
			name = "[CP] Check Pods Manifest.lock";
			outputPaths = (
				"$(DERIVED_FILE_DIR)/Pods-SingaporePSITests-checkManifestLockResult.txt",
			);
			runOnlyForDeploymentPostprocessing = 0;
			shellPath = /bin/sh;
			shellScript = "diff \"${PODS_PODFILE_DIR_PATH}/Podfile.lock\" \"${PODS_ROOT}/Manifest.lock\" > /dev/null\nif [ $? != 0 ] ; then\n    # print error to STDERR\n    echo \"error: The sandbox is not in sync with the Podfile.lock. Run 'pod install' or update your CocoaPods installation.\" >&2\n    exit 1\nfi\n# This output is used by Xcode 'outputs' to avoid re-running this script phase.\necho \"SUCCESS\" > \"${SCRIPT_OUTPUT_FILE_0}\"\n";
			showEnvVarsInLog = 0;
		};
		6E29F6CC05321937330FA4D3 /* [CP] Embed Pods Frameworks */ = {
			isa = PBXShellScriptBuildPhase;
			buildActionMask = 2147483647;
			files = (
			);
			inputPaths = (
				"${SRCROOT}/Pods/Target Support Files/Pods-Singapore PSI/Pods-Singapore PSI-frameworks.sh",
				"${BUILT_PRODUCTS_DIR}/ARSLineProgress/ARSLineProgress.framework",
				"${BUILT_PRODUCTS_DIR}/Alamofire/Alamofire.framework",
				"${BUILT_PRODUCTS_DIR}/HandyJSON-iOS11.0/HandyJSON.framework",
			);
			name = "[CP] Embed Pods Frameworks";
			outputPaths = (
				"${TARGET_BUILD_DIR}/${FRAMEWORKS_FOLDER_PATH}/ARSLineProgress.framework",
				"${TARGET_BUILD_DIR}/${FRAMEWORKS_FOLDER_PATH}/Alamofire.framework",
				"${TARGET_BUILD_DIR}/${FRAMEWORKS_FOLDER_PATH}/HandyJSON.framework",
			);
			runOnlyForDeploymentPostprocessing = 0;
			shellPath = /bin/sh;
			shellScript = "\"${SRCROOT}/Pods/Target Support Files/Pods-Singapore PSI/Pods-Singapore PSI-frameworks.sh\"\n";
			showEnvVarsInLog = 0;
		};
		76738589693B204FFABE4974 /* [CP] Embed Pods Frameworks */ = {
			isa = PBXShellScriptBuildPhase;
			buildActionMask = 2147483647;
			files = (
			);
			inputPaths = (
				"${SRCROOT}/Pods/Target Support Files/Pods-SingaporePSITests/Pods-SingaporePSITests-frameworks.sh",
				"${BUILT_PRODUCTS_DIR}/HandyJSON-iOS11.2/HandyJSON.framework",
				"${BUILT_PRODUCTS_DIR}/Nimble/Nimble.framework",
				"${BUILT_PRODUCTS_DIR}/Quick/Quick.framework",
			);
			name = "[CP] Embed Pods Frameworks";
			outputPaths = (
				"${TARGET_BUILD_DIR}/${FRAMEWORKS_FOLDER_PATH}/HandyJSON.framework",
				"${TARGET_BUILD_DIR}/${FRAMEWORKS_FOLDER_PATH}/Nimble.framework",
				"${TARGET_BUILD_DIR}/${FRAMEWORKS_FOLDER_PATH}/Quick.framework",
			);
			runOnlyForDeploymentPostprocessing = 0;
			shellPath = /bin/sh;
			shellScript = "\"${SRCROOT}/Pods/Target Support Files/Pods-SingaporePSITests/Pods-SingaporePSITests-frameworks.sh\"\n";
			showEnvVarsInLog = 0;
		};
		7BCF13303AF3028BCCC0177E /* [CP] Check Pods Manifest.lock */ = {
			isa = PBXShellScriptBuildPhase;
			buildActionMask = 2147483647;
			files = (
			);
			inputPaths = (
				"${PODS_PODFILE_DIR_PATH}/Podfile.lock",
				"${PODS_ROOT}/Manifest.lock",
			);
			name = "[CP] Check Pods Manifest.lock";
			outputPaths = (
				"$(DERIVED_FILE_DIR)/Pods-Singapore PSI-checkManifestLockResult.txt",
			);
			runOnlyForDeploymentPostprocessing = 0;
			shellPath = /bin/sh;
			shellScript = "diff \"${PODS_PODFILE_DIR_PATH}/Podfile.lock\" \"${PODS_ROOT}/Manifest.lock\" > /dev/null\nif [ $? != 0 ] ; then\n    # print error to STDERR\n    echo \"error: The sandbox is not in sync with the Podfile.lock. Run 'pod install' or update your CocoaPods installation.\" >&2\n    exit 1\nfi\n# This output is used by Xcode 'outputs' to avoid re-running this script phase.\necho \"SUCCESS\" > \"${SCRIPT_OUTPUT_FILE_0}\"\n";
			showEnvVarsInLog = 0;
		};
		7BDCF32F15CBE95AAA42DF83 /* [CP] Copy Pods Resources */ = {
			isa = PBXShellScriptBuildPhase;
			buildActionMask = 2147483647;
			files = (
			);
			inputPaths = (
			);
			name = "[CP] Copy Pods Resources";
			outputPaths = (
			);
			runOnlyForDeploymentPostprocessing = 0;
			shellPath = /bin/sh;
			shellScript = "\"${SRCROOT}/Pods/Target Support Files/Pods-SingaporePSITests/Pods-SingaporePSITests-resources.sh\"\n";
			showEnvVarsInLog = 0;
		};
/* End PBXShellScriptBuildPhase section */

/* Begin PBXSourcesBuildPhase section */
		7745E72E2015EE5D00F407DA /* Sources */ = {
			isa = PBXSourcesBuildPhase;
			buildActionMask = 2147483647;
			files = (
				7788D2262018836000F795AA /* ApiUtils.swift in Sources */,
				7788D2202015F2FD00F795AA /* UIImage.swift in Sources */,
				7788D2212015F2FD00F795AA /* UIViewController.swift in Sources */,
				7788D21E2015F2FD00F795AA /* FundamentalTypes.swift in Sources */,
				7788D21B2015F2FD00F795AA /* UIView.swift in Sources */,
				7745E7362015EE5D00F407DA /* AppDelegate.swift in Sources */,
				7788D22E2018893200F795AA /* PSIResponse.swift in Sources */,
				7788D22C2018885F00F795AA /* Location.swift in Sources */,
				7788D21F2015F2FD00F795AA /* String.swift in Sources */,
				7788D2222015F2FD00F795AA /* UIWindow.swift in Sources */,
				7788D2232015F2FD00F795AA /* Bundle.swift in Sources */,
				7788D2282018854200F795AA /* PSIService.swift in Sources */,
				7788D22A201887BC00F795AA /* Region.swift in Sources */,
				7788D21C2015F2FD00F795AA /* Data.swift in Sources */,
				7788D21D2015F2FD00F795AA /* UIColor.swift in Sources */,
				7740AE0B2018C8EA00211722 /* MapViewController.swift in Sources */,
			);
			runOnlyForDeploymentPostprocessing = 0;
		};
		77F0D57E2015F1C100F3B40C /* Sources */ = {
			isa = PBXSourcesBuildPhase;
			buildActionMask = 2147483647;
			files = (
				77F0D5852015F1C100F3B40C /* PSIServiceTests.swift in Sources */,
				7754583C201B839700CB65F2 /* TestUtil.swift in Sources */,
				7754583A201B770900CB65F2 /* MapViewControllerTests.swift in Sources */,
				77D9FF20201B3A64009BFA53 /* PSIServiceSpec.swift in Sources */,
			);
			runOnlyForDeploymentPostprocessing = 0;
		};
/* End PBXSourcesBuildPhase section */

/* Begin PBXTargetDependency section */
		77F0D5882015F1C100F3B40C /* PBXTargetDependency */ = {
			isa = PBXTargetDependency;
			target = 7745E7312015EE5D00F407DA /* Singapore PSI */;
			targetProxy = 77F0D5872015F1C100F3B40C /* PBXContainerItemProxy */;
		};
/* End PBXTargetDependency section */

/* Begin PBXVariantGroup section */
		7745E7392015EE5D00F407DA /* Main.storyboard */ = {
			isa = PBXVariantGroup;
			children = (
				7745E73A2015EE5D00F407DA /* Base */,
			);
			name = Main.storyboard;
			sourceTree = "<group>";
		};
		7745E73E2015EE5D00F407DA /* LaunchScreen.storyboard */ = {
			isa = PBXVariantGroup;
			children = (
				7745E73F2015EE5D00F407DA /* Base */,
			);
			name = LaunchScreen.storyboard;
			sourceTree = "<group>";
		};
/* End PBXVariantGroup section */

/* Begin XCBuildConfiguration section */
		7745E7422015EE5D00F407DA /* Debug */ = {
			isa = XCBuildConfiguration;
			buildSettings = {
				ALWAYS_SEARCH_USER_PATHS = NO;
				CLANG_ANALYZER_NONNULL = YES;
				CLANG_ANALYZER_NUMBER_OBJECT_CONVERSION = YES_AGGRESSIVE;
				CLANG_CXX_LANGUAGE_STANDARD = "gnu++14";
				CLANG_CXX_LIBRARY = "libc++";
				CLANG_ENABLE_MODULES = YES;
				CLANG_ENABLE_OBJC_ARC = YES;
				CLANG_WARN_BLOCK_CAPTURE_AUTORELEASING = YES;
				CLANG_WARN_BOOL_CONVERSION = YES;
				CLANG_WARN_COMMA = YES;
				CLANG_WARN_CONSTANT_CONVERSION = YES;
				CLANG_WARN_DIRECT_OBJC_ISA_USAGE = YES_ERROR;
				CLANG_WARN_DOCUMENTATION_COMMENTS = YES;
				CLANG_WARN_EMPTY_BODY = YES;
				CLANG_WARN_ENUM_CONVERSION = YES;
				CLANG_WARN_INFINITE_RECURSION = YES;
				CLANG_WARN_INT_CONVERSION = YES;
				CLANG_WARN_NON_LITERAL_NULL_CONVERSION = YES;
				CLANG_WARN_OBJC_LITERAL_CONVERSION = YES;
				CLANG_WARN_OBJC_ROOT_CLASS = YES_ERROR;
				CLANG_WARN_RANGE_LOOP_ANALYSIS = YES;
				CLANG_WARN_STRICT_PROTOTYPES = YES;
				CLANG_WARN_SUSPICIOUS_MOVE = YES;
				CLANG_WARN_UNGUARDED_AVAILABILITY = YES_AGGRESSIVE;
				CLANG_WARN_UNREACHABLE_CODE = YES;
				CLANG_WARN__DUPLICATE_METHOD_MATCH = YES;
				CODE_SIGN_IDENTITY = "iPhone Developer";
				COPY_PHASE_STRIP = NO;
				DEBUG_INFORMATION_FORMAT = dwarf;
				ENABLE_STRICT_OBJC_MSGSEND = YES;
				ENABLE_TESTABILITY = YES;
				GCC_C_LANGUAGE_STANDARD = gnu11;
				GCC_DYNAMIC_NO_PIC = NO;
				GCC_NO_COMMON_BLOCKS = YES;
				GCC_OPTIMIZATION_LEVEL = 0;
				GCC_PREPROCESSOR_DEFINITIONS = (
					"DEBUG=1",
					"$(inherited)",
				);
				GCC_WARN_64_TO_32_BIT_CONVERSION = YES;
				GCC_WARN_ABOUT_RETURN_TYPE = YES_ERROR;
				GCC_WARN_UNDECLARED_SELECTOR = YES;
				GCC_WARN_UNINITIALIZED_AUTOS = YES_AGGRESSIVE;
				GCC_WARN_UNUSED_FUNCTION = YES;
				GCC_WARN_UNUSED_VARIABLE = YES;
				IPHONEOS_DEPLOYMENT_TARGET = 11.0;
				MTL_ENABLE_DEBUG_INFO = YES;
				ONLY_ACTIVE_ARCH = YES;
				SDKROOT = iphoneos;
				SWIFT_ACTIVE_COMPILATION_CONDITIONS = DEBUG;
				SWIFT_OPTIMIZATION_LEVEL = "-Onone";
			};
			name = Debug;
		};
		7745E7432015EE5D00F407DA /* Release */ = {
			isa = XCBuildConfiguration;
			buildSettings = {
				ALWAYS_SEARCH_USER_PATHS = NO;
				CLANG_ANALYZER_NONNULL = YES;
				CLANG_ANALYZER_NUMBER_OBJECT_CONVERSION = YES_AGGRESSIVE;
				CLANG_CXX_LANGUAGE_STANDARD = "gnu++14";
				CLANG_CXX_LIBRARY = "libc++";
				CLANG_ENABLE_MODULES = YES;
				CLANG_ENABLE_OBJC_ARC = YES;
				CLANG_WARN_BLOCK_CAPTURE_AUTORELEASING = YES;
				CLANG_WARN_BOOL_CONVERSION = YES;
				CLANG_WARN_COMMA = YES;
				CLANG_WARN_CONSTANT_CONVERSION = YES;
				CLANG_WARN_DIRECT_OBJC_ISA_USAGE = YES_ERROR;
				CLANG_WARN_DOCUMENTATION_COMMENTS = YES;
				CLANG_WARN_EMPTY_BODY = YES;
				CLANG_WARN_ENUM_CONVERSION = YES;
				CLANG_WARN_INFINITE_RECURSION = YES;
				CLANG_WARN_INT_CONVERSION = YES;
				CLANG_WARN_NON_LITERAL_NULL_CONVERSION = YES;
				CLANG_WARN_OBJC_LITERAL_CONVERSION = YES;
				CLANG_WARN_OBJC_ROOT_CLASS = YES_ERROR;
				CLANG_WARN_RANGE_LOOP_ANALYSIS = YES;
				CLANG_WARN_STRICT_PROTOTYPES = YES;
				CLANG_WARN_SUSPICIOUS_MOVE = YES;
				CLANG_WARN_UNGUARDED_AVAILABILITY = YES_AGGRESSIVE;
				CLANG_WARN_UNREACHABLE_CODE = YES;
				CLANG_WARN__DUPLICATE_METHOD_MATCH = YES;
				CODE_SIGN_IDENTITY = "iPhone Developer";
				COPY_PHASE_STRIP = NO;
				DEBUG_INFORMATION_FORMAT = "dwarf-with-dsym";
				ENABLE_NS_ASSERTIONS = NO;
				ENABLE_STRICT_OBJC_MSGSEND = YES;
				ENABLE_TESTABILITY = YES;
				GCC_C_LANGUAGE_STANDARD = gnu11;
				GCC_NO_COMMON_BLOCKS = YES;
				GCC_WARN_64_TO_32_BIT_CONVERSION = YES;
				GCC_WARN_ABOUT_RETURN_TYPE = YES_ERROR;
				GCC_WARN_UNDECLARED_SELECTOR = YES;
				GCC_WARN_UNINITIALIZED_AUTOS = YES_AGGRESSIVE;
				GCC_WARN_UNUSED_FUNCTION = YES;
				GCC_WARN_UNUSED_VARIABLE = YES;
				IPHONEOS_DEPLOYMENT_TARGET = 11.0;
				MTL_ENABLE_DEBUG_INFO = NO;
				SDKROOT = iphoneos;
				SWIFT_OPTIMIZATION_LEVEL = "-Owholemodule";
				VALIDATE_PRODUCT = YES;
			};
			name = Release;
		};
		7745E7452015EE5D00F407DA /* Debug */ = {
			isa = XCBuildConfiguration;
			baseConfigurationReference = B6C77062ED05C7360C4F3EC4 /* Pods-Singapore PSI.debug.xcconfig */;
			buildSettings = {
				ASSETCATALOG_COMPILER_APPICON_NAME = AppIcon;
				CODE_SIGN_STYLE = Automatic;
				DEFINES_MODULE = YES;
				DEVELOPMENT_TEAM = 2K8NS7DJ77;
				INFOPLIST_FILE = "Singapore PSI/Info.plist";
				IPHONEOS_DEPLOYMENT_TARGET = 11.0;
				LD_RUNPATH_SEARCH_PATHS = "$(inherited) @executable_path/Frameworks";
				PRODUCT_BUNDLE_IDENTIFIER = "com.tianli.Singapore-PSI";
				PRODUCT_NAME = "$(TARGET_NAME)";
				SWIFT_VERSION = 4.0;
				TARGETED_DEVICE_FAMILY = "1,2";
			};
			name = Debug;
		};
		7745E7462015EE5D00F407DA /* Release */ = {
			isa = XCBuildConfiguration;
			baseConfigurationReference = CFC84AA029BEC424E642602D /* Pods-Singapore PSI.release.xcconfig */;
			buildSettings = {
				ASSETCATALOG_COMPILER_APPICON_NAME = AppIcon;
				CODE_SIGN_STYLE = Automatic;
				DEFINES_MODULE = YES;
				DEVELOPMENT_TEAM = 2K8NS7DJ77;
				ENABLE_TESTABILITY = YES;
				INFOPLIST_FILE = "Singapore PSI/Info.plist";
				IPHONEOS_DEPLOYMENT_TARGET = 11.0;
				LD_RUNPATH_SEARCH_PATHS = "$(inherited) @executable_path/Frameworks";
				PRODUCT_BUNDLE_IDENTIFIER = "com.tianli.Singapore-PSI";
				PRODUCT_NAME = "$(TARGET_NAME)";
				SWIFT_VERSION = 4.0;
				TARGETED_DEVICE_FAMILY = "1,2";
			};
			name = Release;
		};
		77F0D5892015F1C100F3B40C /* Debug */ = {
			isa = XCBuildConfiguration;
			baseConfigurationReference = 4C25629FADD90FA810A3AE5E /* Pods-SingaporePSITests.debug.xcconfig */;
			buildSettings = {
				BUNDLE_LOADER = "$(TEST_HOST)";
				CODE_SIGN_STYLE = Automatic;
				DEFINES_MODULE = YES;
				DEVELOPMENT_TEAM = 2K8NS7DJ77;
				INFOPLIST_FILE = SingaporePSITests/Info.plist;
				LD_RUNPATH_SEARCH_PATHS = "$(inherited) @executable_path/Frameworks @loader_path/Frameworks";
				PRODUCT_BUNDLE_IDENTIFIER = com.tianli.SingaporePSITests;
				PRODUCT_NAME = "$(TARGET_NAME)";
				SWIFT_VERSION = 4.0;
				TARGETED_DEVICE_FAMILY = "1,2";
				TEST_HOST = "$(BUILT_PRODUCTS_DIR)/Singapore PSI.app/Singapore PSI";
			};
			name = Debug;
		};
		77F0D58A2015F1C100F3B40C /* Release */ = {
			isa = XCBuildConfiguration;
			baseConfigurationReference = 1A27C6B2F4AEBA4DB806FFA6 /* Pods-SingaporePSITests.release.xcconfig */;
			buildSettings = {
				BUNDLE_LOADER = "$(TEST_HOST)";
				CODE_SIGN_STYLE = Automatic;
				DEFINES_MODULE = YES;
				DEVELOPMENT_TEAM = 2K8NS7DJ77;
				ENABLE_TESTABILITY = YES;
				INFOPLIST_FILE = SingaporePSITests/Info.plist;
				LD_RUNPATH_SEARCH_PATHS = "$(inherited) @executable_path/Frameworks @loader_path/Frameworks";
				PRODUCT_BUNDLE_IDENTIFIER = com.tianli.SingaporePSITests;
				PRODUCT_NAME = "$(TARGET_NAME)";
				SWIFT_VERSION = 4.0;
				TARGETED_DEVICE_FAMILY = "1,2";
				TEST_HOST = "$(BUILT_PRODUCTS_DIR)/Singapore PSI.app/Singapore PSI";
			};
			name = Release;
		};
/* End XCBuildConfiguration section */

/* Begin XCConfigurationList section */
		7745E72D2015EE5D00F407DA /* Build configuration list for PBXProject "Singapore PSI" */ = {
			isa = XCConfigurationList;
			buildConfigurations = (
				7745E7422015EE5D00F407DA /* Debug */,
				7745E7432015EE5D00F407DA /* Release */,
			);
			defaultConfigurationIsVisible = 0;
			defaultConfigurationName = Release;
		};
		7745E7442015EE5D00F407DA /* Build configuration list for PBXNativeTarget "Singapore PSI" */ = {
			isa = XCConfigurationList;
			buildConfigurations = (
				7745E7452015EE5D00F407DA /* Debug */,
				7745E7462015EE5D00F407DA /* Release */,
			);
			defaultConfigurationIsVisible = 0;
			defaultConfigurationName = Release;
		};
		77F0D58B2015F1C100F3B40C /* Build configuration list for PBXNativeTarget "SingaporePSITests" */ = {
			isa = XCConfigurationList;
			buildConfigurations = (
				77F0D5892015F1C100F3B40C /* Debug */,
				77F0D58A2015F1C100F3B40C /* Release */,
			);
			defaultConfigurationIsVisible = 0;
			defaultConfigurationName = Release;
		};
/* End XCConfigurationList section */
	};
	rootObject = 7745E72A2015EE5D00F407DA /* Project object */;
}
